
Microsoft Visual Studio Solution File, Format Version 12.00
# Visual Studio 15
Project("{FAE04EC0-301F-11D3-BF4B-00C04F79EFBC}") = "Assembly-CSharp", "Assembly-CSharp.csproj", "{C7EC3503-8E1B-B074-62E2-0D20A8D3CFE1}"
EndProject
Project("{FAE04EC0-301F-11D3-BF4B-00C04F79EFBC}") = "Assembly-CSharp-firstpass", "Assembly-CSharp-firstpass.csproj", "{D8FC6BF1-A02D-784E-0338-F689CEED3152}"
EndProject
Global
	GlobalSection(SolutionConfigurationPlatforms) = preSolution
		Debug|Any CPU = Debug|Any CPU
		Release|Any CPU = Release|Any CPU
	EndGlobalSection
	GlobalSection(ProjectConfigurationPlatforms) = postSolution
		{C7EC3503-8E1B-B074-62E2-0D20A8D3CFE1}.Debug|Any CPU.ActiveCfg = Debug|Any CPU
		{C7EC3503-8E1B-B074-62E2-0D20A8D3CFE1}.Debug|Any CPU.Build.0 = Debug|Any CPU
		{C7EC3503-8E1B-B074-62E2-0D20A8D3CFE1}.Release|Any CPU.ActiveCfg = Release|Any CPU
		{C7EC3503-8E1B-B074-62E2-0D20A8D3CFE1}.Release|Any CPU.Build.0 = Release|Any CPU
		{D8FC6BF1-A02D-784E-0338-F689CEED3152}.Debug|Any CPU.ActiveCfg = Debug|Any CPU
		{D8FC6BF1-A02D-784E-0338-F689CEED3152}.Debug|Any CPU.Build.0 = Debug|Any CPU
		{D8FC6BF1-A02D-784E-0338-F689CEED3152}.Release|Any CPU.ActiveCfg = Release|Any CPU
		{D8FC6BF1-A02D-784E-0338-F689CEED3152}.Release|Any CPU.Build.0 = Release|Any CPU
	EndGlobalSection
	GlobalSection(SolutionProperties) = preSolution
		HideSolutionNode = FALSE
	EndGlobalSection
EndGlobal
